
Microsoft Visual Studio Solution File, Format Version 12.00
# Visual Studio 15
VisualStudioVersion = 15.0.26124.0
MinimumVisualStudioVersion = 15.0.26124.0
Project("{2150E333-8FDC-42A3-9474-1A3956D46DE8}") = "src", "src", "{0E820721-414E-4B4C-93F4-826B93215313}"
EndProject
Project("{FAE04EC0-301F-11D3-BF4B-00C04F79EFBC}") = "Paxos.Battleground", "src\Paxos.Battleground\Paxos.Battleground.csproj", "{ADE139FC-E973-4B32-878E-E88DF49D28DD}"
EndProject
Global
	GlobalSection(SolutionConfigurationPlatforms) = preSolution
		Debug|Any CPU = Debug|Any CPU
		Debug|x64 = Debug|x64
		Debug|x86 = Debug|x86
		Release|Any CPU = Release|Any CPU
		Release|x64 = Release|x64
		Release|x86 = Release|x86
	EndGlobalSection
	GlobalSection(SolutionProperties) = preSolution
		HideSolutionNode = FALSE
	EndGlobalSection
	GlobalSection(ProjectConfigurationPlatforms) = postSolution
		{ADE139FC-E973-4B32-878E-E88DF49D28DD}.Debug|Any CPU.ActiveCfg = Debug|Any CPU
		{ADE139FC-E973-4B32-878E-E88DF49D28DD}.Debug|Any CPU.Build.0 = Debug|Any CPU
		{ADE139FC-E973-4B32-878E-E88DF49D28DD}.Debug|x64.ActiveCfg = Debug|Any CPU
		{ADE139FC-E973-4B32-878E-E88DF49D28DD}.Debug|x64.Build.0 = Debug|Any CPU
		{ADE139FC-E973-4B32-878E-E88DF49D28DD}.Debug|x86.ActiveCfg = Debug|Any CPU
		{ADE139FC-E973-4B32-878E-E88DF49D28DD}.Debug|x86.Build.0 = Debug|Any CPU
		{ADE139FC-E973-4B32-878E-E88DF49D28DD}.Release|Any CPU.ActiveCfg = Release|Any CPU
		{ADE139FC-E973-4B32-878E-E88DF49D28DD}.Release|Any CPU.Build.0 = Release|Any CPU
		{ADE139FC-E973-4B32-878E-E88DF49D28DD}.Release|x64.ActiveCfg = Release|Any CPU
		{ADE139FC-E973-4B32-878E-E88DF49D28DD}.Release|x64.Build.0 = Release|Any CPU
		{ADE139FC-E973-4B32-878E-E88DF49D28DD}.Release|x86.ActiveCfg = Release|Any CPU
		{ADE139FC-E973-4B32-878E-E88DF49D28DD}.Release|x86.Build.0 = Release|Any CPU
	EndGlobalSection
	GlobalSection(NestedProjects) = preSolution
		{ADE139FC-E973-4B32-878E-E88DF49D28DD} = {0E820721-414E-4B4C-93F4-826B93215313}
	EndGlobalSection
EndGlobal
